
Microsoft Visual Studio Solution File, Format Version 12.00
# Visual Studio Version 17
VisualStudioVersion = 17.11.35327.3
MinimumVisualStudioVersion = 10.0.40219.1
Project("{9A19103F-16F7-4668-BE54-9A1E7A4F7556}") = "Web", "Web\Web.csproj", "{05E97897-C2C7-450C-9755-8C03BEAF78C7}"
EndProject
Project("{9A19103F-16F7-4668-BE54-9A1E7A4F7556}") = "DB", "DB\DB.csproj", "{1C03C435-7A93-4B69-82A2-E11D1FCF7964}"
EndProject
Global
	GlobalSection(SolutionConfigurationPlatforms) = preSolution
		Debug|Any CPU = Debug|Any CPU
		Release|Any CPU = Release|Any CPU
	EndGlobalSection
	GlobalSection(ProjectConfigurationPlatforms) = postSolution
		{05E97897-C2C7-450C-9755-8C03BEAF78C7}.Debug|Any CPU.ActiveCfg = Debug|Any CPU
		{05E97897-C2C7-450C-9755-8C03BEAF78C7}.Debug|Any CPU.Build.0 = Debug|Any CPU
		{05E97897-C2C7-450C-9755-8C03BEAF78C7}.Release|Any CPU.ActiveCfg = Release|Any CPU
		{05E97897-C2C7-450C-9755-8C03BEAF78C7}.Release|Any CPU.Build.0 = Release|Any CPU
		{1C03C435-7A93-4B69-82A2-E11D1FCF7964}.Debug|Any CPU.ActiveCfg = Debug|Any CPU
		{1C03C435-7A93-4B69-82A2-E11D1FCF7964}.Debug|Any CPU.Build.0 = Debug|Any CPU
		{1C03C435-7A93-4B69-82A2-E11D1FCF7964}.Release|Any CPU.ActiveCfg = Release|Any CPU
		{1C03C435-7A93-4B69-82A2-E11D1FCF7964}.Release|Any CPU.Build.0 = Release|Any CPU
	EndGlobalSection
	GlobalSection(SolutionProperties) = preSolution
		HideSolutionNode = FALSE
	EndGlobalSection
	GlobalSection(ExtensibilityGlobals) = postSolution
		SolutionGuid = {1BEBCFCA-687D-44A5-B4BC-76F73B66451C}
	EndGlobalSection
EndGlobal
